
Microsoft Visual Studio Solution File, Format Version 12.00
# Visual Studio Version 17
VisualStudioVersion = 17.5.33502.453
MinimumVisualStudioVersion = 10.0.40219.1
Project("{9A19103F-16F7-4668-BE54-9A1E7A4F7556}") = "3. Employees Full Information", "3. Employees Full Information\3. Employees Full Information.csproj", "{47A012AC-2CB5-43CD-BEAD-167C36D5DA34}"
EndProject
Project("{9A19103F-16F7-4668-BE54-9A1E7A4F7556}") = "4. Employees with Salary Over 50 000", "4. Employees with Salary Over 50 000\4. Employees with Salary Over 50 000.csproj", "{324D9914-DC4B-43F7-AE22-2FB7409ECEF9}"
EndProject
Project("{9A19103F-16F7-4668-BE54-9A1E7A4F7556}") = "5. Employees from Research and Development", "5. Employees from Research and Development\5. Employees from Research and Development.csproj", "{4CAD20E5-E51B-4AAE-8C8D-CBB13848662C}"
EndProject
Project("{9A19103F-16F7-4668-BE54-9A1E7A4F7556}") = "6. Adding a New Address and Updating Employee", "6. Adding a New Address and Updating Employee\6. Adding a New Address and Updating Employee.csproj", "{4BAC989C-FFAE-4436-A3B7-B858E53B7103}"
EndProject
Project("{9A19103F-16F7-4668-BE54-9A1E7A4F7556}") = "7. Employees and Projects", "7. Employees and Projects\7. Employees and Projects.csproj", "{8C08F6A8-FD12-4512-87EB-6FA29CABC230}"
EndProject
Project("{9A19103F-16F7-4668-BE54-9A1E7A4F7556}") = "8. Addresses by Town", "8. Addresses by Town\8. Addresses by Town.csproj", "{717943F6-DAFB-4E63-BB36-73B4F2E9A9C2}"
EndProject
Project("{9A19103F-16F7-4668-BE54-9A1E7A4F7556}") = "9. Employee 147", "9. Employee 147\9. Employee 147.csproj", "{31EBB2F1-840E-413B-96F0-36171DE1DC9F}"
EndProject
Project("{9A19103F-16F7-4668-BE54-9A1E7A4F7556}") = "10. Departments with More Than 5 Employees", "10. Departments with More Than 5 Employees\10. Departments with More Than 5 Employees.csproj", "{1036F4E7-FE5C-41A0-B229-05A8A3C7AB27}"
EndProject
Project("{9A19103F-16F7-4668-BE54-9A1E7A4F7556}") = "11. Find Latest 10 Projects", "11. Find Latest 10 Projects\11. Find Latest 10 Projects.csproj", "{F56AC07C-D727-4042-84D4-0B53655EF597}"
EndProject
Project("{9A19103F-16F7-4668-BE54-9A1E7A4F7556}") = "12. Increase Salary", "12. Increase Salary\12. Increase Salary.csproj", "{9D51C891-ED68-4226-8C13-29CB49AE9A67}"
EndProject
Project("{9A19103F-16F7-4668-BE54-9A1E7A4F7556}") = "13. Find Employees by First Name Starting with Sa", "13. Find Employees by First Name Starting with Sa\13. Find Employees by First Name Starting with Sa.csproj", "{62E3B168-55D4-4264-A41D-87E8CAB8A08A}"
EndProject
Project("{FAE04EC0-301F-11D3-BF4B-00C04F79EFBC}") = "14. Delete Project by Id", "14. Delete Project by Id\14. Delete Project by Id.csproj", "{84C93215-2078-4707-B748-5F615485406C}"
EndProject
Project("{FAE04EC0-301F-11D3-BF4B-00C04F79EFBC}") = "15. Remove Town", "15. Remove Town\15. Remove Town.csproj", "{C66374BF-8726-4151-BB79-E6B9C548D3BA}"
EndProject
Global
	GlobalSection(SolutionConfigurationPlatforms) = preSolution
		Debug|Any CPU = Debug|Any CPU
		Release|Any CPU = Release|Any CPU
	EndGlobalSection
	GlobalSection(ProjectConfigurationPlatforms) = postSolution
		{47A012AC-2CB5-43CD-BEAD-167C36D5DA34}.Debug|Any CPU.ActiveCfg = Debug|Any CPU
		{47A012AC-2CB5-43CD-BEAD-167C36D5DA34}.Debug|Any CPU.Build.0 = Debug|Any CPU
		{47A012AC-2CB5-43CD-BEAD-167C36D5DA34}.Release|Any CPU.ActiveCfg = Release|Any CPU
		{47A012AC-2CB5-43CD-BEAD-167C36D5DA34}.Release|Any CPU.Build.0 = Release|Any CPU
		{324D9914-DC4B-43F7-AE22-2FB7409ECEF9}.Debug|Any CPU.ActiveCfg = Debug|Any CPU
		{324D9914-DC4B-43F7-AE22-2FB7409ECEF9}.Debug|Any CPU.Build.0 = Debug|Any CPU
		{324D9914-DC4B-43F7-AE22-2FB7409ECEF9}.Release|Any CPU.ActiveCfg = Release|Any CPU
		{324D9914-DC4B-43F7-AE22-2FB7409ECEF9}.Release|Any CPU.Build.0 = Release|Any CPU
		{4CAD20E5-E51B-4AAE-8C8D-CBB13848662C}.Debug|Any CPU.ActiveCfg = Debug|Any CPU
		{4CAD20E5-E51B-4AAE-8C8D-CBB13848662C}.Debug|Any CPU.Build.0 = Debug|Any CPU
		{4CAD20E5-E51B-4AAE-8C8D-CBB13848662C}.Release|Any CPU.ActiveCfg = Release|Any CPU
		{4CAD20E5-E51B-4AAE-8C8D-CBB13848662C}.Release|Any CPU.Build.0 = Release|Any CPU
		{4BAC989C-FFAE-4436-A3B7-B858E53B7103}.Debug|Any CPU.ActiveCfg = Debug|Any CPU
		{4BAC989C-FFAE-4436-A3B7-B858E53B7103}.Debug|Any CPU.Build.0 = Debug|Any CPU
		{4BAC989C-FFAE-4436-A3B7-B858E53B7103}.Release|Any CPU.ActiveCfg = Release|Any CPU
		{4BAC989C-FFAE-4436-A3B7-B858E53B7103}.Release|Any CPU.Build.0 = Release|Any CPU
		{8C08F6A8-FD12-4512-87EB-6FA29CABC230}.Debug|Any CPU.ActiveCfg = Debug|Any CPU
		{8C08F6A8-FD12-4512-87EB-6FA29CABC230}.Debug|Any CPU.Build.0 = Debug|Any CPU
		{8C08F6A8-FD12-4512-87EB-6FA29CABC230}.Release|Any CPU.ActiveCfg = Release|Any CPU
		{8C08F6A8-FD12-4512-87EB-6FA29CABC230}.Release|Any CPU.Build.0 = Release|Any CPU
		{717943F6-DAFB-4E63-BB36-73B4F2E9A9C2}.Debug|Any CPU.ActiveCfg = Debug|Any CPU
		{717943F6-DAFB-4E63-BB36-73B4F2E9A9C2}.Debug|Any CPU.Build.0 = Debug|Any CPU
		{717943F6-DAFB-4E63-BB36-73B4F2E9A9C2}.Release|Any CPU.ActiveCfg = Release|Any CPU
		{717943F6-DAFB-4E63-BB36-73B4F2E9A9C2}.Release|Any CPU.Build.0 = Release|Any CPU
		{31EBB2F1-840E-413B-96F0-36171DE1DC9F}.Debug|Any CPU.ActiveCfg = Debug|Any CPU
		{31EBB2F1-840E-413B-96F0-36171DE1DC9F}.Debug|Any CPU.Build.0 = Debug|Any CPU
		{31EBB2F1-840E-413B-96F0-36171DE1DC9F}.Release|Any CPU.ActiveCfg = Release|Any CPU
		{31EBB2F1-840E-413B-96F0-36171DE1DC9F}.Release|Any CPU.Build.0 = Release|Any CPU
		{1036F4E7-FE5C-41A0-B229-05A8A3C7AB27}.Debug|Any CPU.ActiveCfg = Debug|Any CPU
		{1036F4E7-FE5C-41A0-B229-05A8A3C7AB27}.Debug|Any CPU.Build.0 = Debug|Any CPU
		{1036F4E7-FE5C-41A0-B229-05A8A3C7AB27}.Release|Any CPU.ActiveCfg = Release|Any CPU
		{1036F4E7-FE5C-41A0-B229-05A8A3C7AB27}.Release|Any CPU.Build.0 = Release|Any CPU
		{F56AC07C-D727-4042-84D4-0B53655EF597}.Debug|Any CPU.ActiveCfg = Debug|Any CPU
		{F56AC07C-D727-4042-84D4-0B53655EF597}.Debug|Any CPU.Build.0 = Debug|Any CPU
		{F56AC07C-D727-4042-84D4-0B53655EF597}.Release|Any CPU.ActiveCfg = Release|Any CPU
		{F56AC07C-D727-4042-84D4-0B53655EF597}.Release|Any CPU.Build.0 = Release|Any CPU
		{9D51C891-ED68-4226-8C13-29CB49AE9A67}.Debug|Any CPU.ActiveCfg = Debug|Any CPU
		{9D51C891-ED68-4226-8C13-29CB49AE9A67}.Debug|Any CPU.Build.0 = Debug|Any CPU
		{9D51C891-ED68-4226-8C13-29CB49AE9A67}.Release|Any CPU.ActiveCfg = Release|Any CPU
		{9D51C891-ED68-4226-8C13-29CB49AE9A67}.Release|Any CPU.Build.0 = Release|Any CPU
		{62E3B168-55D4-4264-A41D-87E8CAB8A08A}.Debug|Any CPU.ActiveCfg = Debug|Any CPU
		{62E3B168-55D4-4264-A41D-87E8CAB8A08A}.Debug|Any CPU.Build.0 = Debug|Any CPU
		{62E3B168-55D4-4264-A41D-87E8CAB8A08A}.Release|Any CPU.ActiveCfg = Release|Any CPU
		{62E3B168-55D4-4264-A41D-87E8CAB8A08A}.Release|Any CPU.Build.0 = Release|Any CPU
		{84C93215-2078-4707-B748-5F615485406C}.Debug|Any CPU.ActiveCfg = Debug|Any CPU
		{84C93215-2078-4707-B748-5F615485406C}.Debug|Any CPU.Build.0 = Debug|Any CPU
		{84C93215-2078-4707-B748-5F615485406C}.Release|Any CPU.ActiveCfg = Release|Any CPU
		{84C93215-2078-4707-B748-5F615485406C}.Release|Any CPU.Build.0 = Release|Any CPU
		{C66374BF-8726-4151-BB79-E6B9C548D3BA}.Debug|Any CPU.ActiveCfg = Debug|Any CPU
		{C66374BF-8726-4151-BB79-E6B9C548D3BA}.Debug|Any CPU.Build.0 = Debug|Any CPU
		{C66374BF-8726-4151-BB79-E6B9C548D3BA}.Release|Any CPU.ActiveCfg = Release|Any CPU
		{C66374BF-8726-4151-BB79-E6B9C548D3BA}.Release|Any CPU.Build.0 = Release|Any CPU
	EndGlobalSection
	GlobalSection(SolutionProperties) = preSolution
		HideSolutionNode = FALSE
	EndGlobalSection
	GlobalSection(ExtensibilityGlobals) = postSolution
		SolutionGuid = {A3C26104-44A7-40FA-BD76-0EC89B797166}
	EndGlobalSection
EndGlobal
